
Microsoft Visual Studio Solution File, Format Version 12.00
# Visual Studio 2012
Project("{D954291E-2A0B-460D-934E-DC6B0785DB48}") = "test", "test\test.shproj", "{2F2DD0EC-130A-4866-AC3F-1167A08DCEBE}"
EndProject
Project("{FAE04EC0-301F-11D3-BF4B-00C04F79EFBC}") = "test.Droid", "Droid\test.Droid.csproj", "{A15A790A-5BF1-4D2C-945E-0354666E9304}"
EndProject
Global
	GlobalSection(SolutionConfigurationPlatforms) = preSolution
		Debug|Any CPU = Debug|Any CPU
		Release|Any CPU = Release|Any CPU
	EndGlobalSection
	GlobalSection(ProjectConfigurationPlatforms) = postSolution
		{A15A790A-5BF1-4D2C-945E-0354666E9304}.Debug|Any CPU.ActiveCfg = Debug|Any CPU
		{A15A790A-5BF1-4D2C-945E-0354666E9304}.Debug|Any CPU.Build.0 = Debug|Any CPU
		{A15A790A-5BF1-4D2C-945E-0354666E9304}.Release|Any CPU.ActiveCfg = Release|Any CPU
		{A15A790A-5BF1-4D2C-945E-0354666E9304}.Release|Any CPU.Build.0 = Release|Any CPU
	EndGlobalSection
EndGlobal
